
Microsoft Visual Studio Solution File, Format Version 12.00
# Visual Studio Version 17
VisualStudioVersion = 17.5.002.0
MinimumVisualStudioVersion = 10.0.40219.1
Project("{9A19103F-16F7-4668-BE54-9A1E7A4F7556}") = "Task2", "Task2.csproj", "{4365BB26-2C92-4E4F-AF65-6313DA0E3CC9}"
EndProject
Global
	GlobalSection(SolutionConfigurationPlatforms) = preSolution
		Debug|Any CPU = Debug|Any CPU
		Release|Any CPU = Release|Any CPU
	EndGlobalSection
	GlobalSection(ProjectConfigurationPlatforms) = postSolution
		{4365BB26-2C92-4E4F-AF65-6313DA0E3CC9}.Debug|Any CPU.ActiveCfg = Debug|Any CPU
		{4365BB26-2C92-4E4F-AF65-6313DA0E3CC9}.Debug|Any CPU.Build.0 = Debug|Any CPU
		{4365BB26-2C92-4E4F-AF65-6313DA0E3CC9}.Release|Any CPU.ActiveCfg = Release|Any CPU
		{4365BB26-2C92-4E4F-AF65-6313DA0E3CC9}.Release|Any CPU.Build.0 = Release|Any CPU
	EndGlobalSection
	GlobalSection(SolutionProperties) = preSolution
		HideSolutionNode = FALSE
	EndGlobalSection
	GlobalSection(ExtensibilityGlobals) = postSolution
		SolutionGuid = {09D70952-7836-4200-AB1E-72F41D3BF925}
	EndGlobalSection
EndGlobal
